// !$*UTF8*$!
{
	archiveVersion = 1;
	classes = {
	};
	objectVersion = 56;
	objects = {

/* Begin PBXBuildFile section */
		07A24D7429A5161600BE6C90 /* AppDelegate.swift in Sources */ = {isa = PBXBuildFile; fileRef = 07A24D7329A5161600BE6C90 /* AppDelegate.swift */; };
		07A24D7629A5161600BE6C90 /* SceneDelegate.swift in Sources */ = {isa = PBXBuildFile; fileRef = 07A24D7529A5161600BE6C90 /* SceneDelegate.swift */; };
		07A24D7829A5161600BE6C90 /* ViewController.swift in Sources */ = {isa = PBXBuildFile; fileRef = 07A24D7729A5161600BE6C90 /* ViewController.swift */; };
		07A24D7B29A5161600BE6C90 /* Main.storyboard in Resources */ = {isa = PBXBuildFile; fileRef = 07A24D7929A5161600BE6C90 /* Main.storyboard */; };
		07A24D7D29A5161800BE6C90 /* Assets.xcassets in Resources */ = {isa = PBXBuildFile; fileRef = 07A24D7C29A5161800BE6C90 /* Assets.xcassets */; };
		07A24D8029A5161900BE6C90 /* LaunchScreen.storyboard in Resources */ = {isa = PBXBuildFile; fileRef = 07A24D7E29A5161900BE6C90 /* LaunchScreen.storyboard */; };
		07A24D9A29A5250200BE6C90 /* Colors.xcassets in Resources */ = {isa = PBXBuildFile; fileRef = 07A24D9929A5250200BE6C90 /* Colors.xcassets */; };
		07A24D9C29A5289A00BE6C90 /* R.generated.swift in Sources */ = {isa = PBXBuildFile; fileRef = 07A24D9B29A5289A00BE6C90 /* R.generated.swift */; };
		FF9D1A80873CE53B07781E74 /* Pods_Coinfo_iOS.framework in Frameworks */ = {isa = PBXBuildFile; fileRef = CA8640CADABC9FD431A24C31 /* Pods_Coinfo_iOS.framework */; };
/* End PBXBuildFile section */

/* Begin PBXFileReference section */
		07A24D7029A5161600BE6C90 /* Coinfo_iOS.app */ = {isa = PBXFileReference; explicitFileType = wrapper.application; includeInIndex = 0; path = Coinfo_iOS.app; sourceTree = BUILT_PRODUCTS_DIR; };
		07A24D7329A5161600BE6C90 /* AppDelegate.swift */ = {isa = PBXFileReference; lastKnownFileType = sourcecode.swift; path = AppDelegate.swift; sourceTree = "<group>"; };
		07A24D7529A5161600BE6C90 /* SceneDelegate.swift */ = {isa = PBXFileReference; lastKnownFileType = sourcecode.swift; path = SceneDelegate.swift; sourceTree = "<group>"; };
		07A24D7729A5161600BE6C90 /* ViewController.swift */ = {isa = PBXFileReference; lastKnownFileType = sourcecode.swift; path = ViewController.swift; sourceTree = "<group>"; };
		07A24D7A29A5161600BE6C90 /* Base */ = {isa = PBXFileReference; lastKnownFileType = file.storyboard; name = Base; path = Base.lproj/Main.storyboard; sourceTree = "<group>"; };
		07A24D7C29A5161800BE6C90 /* Assets.xcassets */ = {isa = PBXFileReference; lastKnownFileType = folder.assetcatalog; path = Assets.xcassets; sourceTree = "<group>"; };
		07A24D7F29A5161900BE6C90 /* Base */ = {isa = PBXFileReference; lastKnownFileType = file.storyboard; name = Base; path = Base.lproj/LaunchScreen.storyboard; sourceTree = "<group>"; };
		07A24D8129A5161900BE6C90 /* Info.plist */ = {isa = PBXFileReference; lastKnownFileType = text.plist.xml; path = Info.plist; sourceTree = "<group>"; };
		07A24D9929A5250200BE6C90 /* Colors.xcassets */ = {isa = PBXFileReference; lastKnownFileType = folder.assetcatalog; path = Colors.xcassets; sourceTree = "<group>"; };
		07A24D9B29A5289A00BE6C90 /* R.generated.swift */ = {isa = PBXFileReference; fileEncoding = 4; lastKnownFileType = sourcecode.swift; path = R.generated.swift; sourceTree = "<group>"; };
		219DBE880BCB2DA95BF9CAD7 /* Pods-Coinfo_iOS.debug.xcconfig */ = {isa = PBXFileReference; includeInIndex = 1; lastKnownFileType = text.xcconfig; name = "Pods-Coinfo_iOS.debug.xcconfig"; path = "Target Support Files/Pods-Coinfo_iOS/Pods-Coinfo_iOS.debug.xcconfig"; sourceTree = "<group>"; };
		4E34C4B17531F46710AE9D7D /* Pods-Coinfo_iOS.release.xcconfig */ = {isa = PBXFileReference; includeInIndex = 1; lastKnownFileType = text.xcconfig; name = "Pods-Coinfo_iOS.release.xcconfig"; path = "Target Support Files/Pods-Coinfo_iOS/Pods-Coinfo_iOS.release.xcconfig"; sourceTree = "<group>"; };
		CA8640CADABC9FD431A24C31 /* Pods_Coinfo_iOS.framework */ = {isa = PBXFileReference; explicitFileType = wrapper.framework; includeInIndex = 0; path = Pods_Coinfo_iOS.framework; sourceTree = BUILT_PRODUCTS_DIR; };
/* End PBXFileReference section */

/* Begin PBXFrameworksBuildPhase section */
		07A24D6D29A5161600BE6C90 /* Frameworks */ = {
			isa = PBXFrameworksBuildPhase;
			buildActionMask = 2147483647;
			files = (
				FF9D1A80873CE53B07781E74 /* Pods_Coinfo_iOS.framework in Frameworks */,
			);
			runOnlyForDeploymentPostprocessing = 0;
		};
/* End PBXFrameworksBuildPhase section */

/* Begin PBXGroup section */
		07A24D6729A5161600BE6C90 = {
			isa = PBXGroup;
			children = (
				07A24D7229A5161600BE6C90 /* Coinfo_iOS */,
				07A24D7129A5161600BE6C90 /* Products */,
				F8C3DA921583FD5ABF5BE8E5 /* Pods */,
				A6BF98CFDDEBE13D113B5EE3 /* Frameworks */,
			);
			sourceTree = "<group>";
		};
		07A24D7129A5161600BE6C90 /* Products */ = {
			isa = PBXGroup;
			children = (
				07A24D7029A5161600BE6C90 /* Coinfo_iOS.app */,
			);
			name = Products;
			sourceTree = "<group>";
		};
		07A24D7229A5161600BE6C90 /* Coinfo_iOS */ = {
			isa = PBXGroup;
			children = (
				07A24D9229A523E000BE6C90 /* Core */,
				07A24D7329A5161600BE6C90 /* AppDelegate.swift */,
				07A24D7529A5161600BE6C90 /* SceneDelegate.swift */,
				07A24D7729A5161600BE6C90 /* ViewController.swift */,
				07A24D7929A5161600BE6C90 /* Main.storyboard */,
				07A24D7C29A5161800BE6C90 /* Assets.xcassets */,
				07A24D7E29A5161900BE6C90 /* LaunchScreen.storyboard */,
				07A24D8129A5161900BE6C90 /* Info.plist */,
			);
			path = Coinfo_iOS;
			sourceTree = "<group>";
		};
		07A24D9229A523E000BE6C90 /* Core */ = {
			isa = PBXGroup;
			children = (
				07A24D9329A523E400BE6C90 /* Resources */,
			);
			path = Core;
			sourceTree = "<group>";
		};
		07A24D9329A523E400BE6C90 /* Resources */ = {
			isa = PBXGroup;
			children = (
				07A24D9829A524EC00BE6C90 /* Colors */,
				07A24D9429A523F100BE6C90 /* Generated */,
			);
			path = Resources;
			sourceTree = "<group>";
		};
		07A24D9429A523F100BE6C90 /* Generated */ = {
			isa = PBXGroup;
			children = (
				07A24D9B29A5289A00BE6C90 /* R.generated.swift */,
			);
			path = Generated;
			sourceTree = "<group>";
		};
		07A24D9829A524EC00BE6C90 /* Colors */ = {
			isa = PBXGroup;
			children = (
				07A24D9929A5250200BE6C90 /* Colors.xcassets */,
			);
			path = Colors;
			sourceTree = "<group>";
		};
		A6BF98CFDDEBE13D113B5EE3 /* Frameworks */ = {
			isa = PBXGroup;
			children = (
				CA8640CADABC9FD431A24C31 /* Pods_Coinfo_iOS.framework */,
			);
			name = Frameworks;
			sourceTree = "<group>";
		};
		F8C3DA921583FD5ABF5BE8E5 /* Pods */ = {
			isa = PBXGroup;
			children = (
				219DBE880BCB2DA95BF9CAD7 /* Pods-Coinfo_iOS.debug.xcconfig */,
				4E34C4B17531F46710AE9D7D /* Pods-Coinfo_iOS.release.xcconfig */,
			);
			path = Pods;
			sourceTree = "<group>";
		};
/* End PBXGroup section */

/* Begin PBXNativeTarget section */
		07A24D6F29A5161600BE6C90 /* Coinfo_iOS */ = {
			isa = PBXNativeTarget;
			buildConfigurationList = 07A24D8429A5161900BE6C90 /* Build configuration list for PBXNativeTarget "Coinfo_iOS" */;
			buildPhases = (
				9B7BE765FE999600490BAD14 /* [CP] Check Pods Manifest.lock */,
				07A24D9529A523FC00BE6C90 /* ShellScript */,
				07A24D6C29A5161600BE6C90 /* Sources */,
				07A24D6D29A5161600BE6C90 /* Frameworks */,
				07A24D6E29A5161600BE6C90 /* Resources */,
				73A16743025239F2DBAE9BD5 /* [CP] Embed Pods Frameworks */,
				073EEC4129A5391F004185E5 /* Run SwiftLint */,
			);
			buildRules = (
			);
			dependencies = (
			);
			name = Coinfo_iOS;
			productName = Coinfo_iOS;
			productReference = 07A24D7029A5161600BE6C90 /* Coinfo_iOS.app */;
			productType = "com.apple.product-type.application";
		};
/* End PBXNativeTarget section */

/* Begin PBXProject section */
		07A24D6829A5161600BE6C90 /* Project object */ = {
			isa = PBXProject;
			attributes = {
				BuildIndependentTargetsInParallel = 1;
				LastSwiftUpdateCheck = 1420;
				LastUpgradeCheck = 1420;
				TargetAttributes = {
					07A24D6F29A5161600BE6C90 = {
						CreatedOnToolsVersion = 14.2;
					};
				};
			};
			buildConfigurationList = 07A24D6B29A5161600BE6C90 /* Build configuration list for PBXProject "Coinfo_iOS" */;
			compatibilityVersion = "Xcode 14.0";
			developmentRegion = en;
			hasScannedForEncodings = 0;
			knownRegions = (
				en,
				Base,
			);
			mainGroup = 07A24D6729A5161600BE6C90;
			productRefGroup = 07A24D7129A5161600BE6C90 /* Products */;
			projectDirPath = "";
			projectRoot = "";
			targets = (
				07A24D6F29A5161600BE6C90 /* Coinfo_iOS */,
			);
		};
/* End PBXProject section */

/* Begin PBXResourcesBuildPhase section */
		07A24D6E29A5161600BE6C90 /* Resources */ = {
			isa = PBXResourcesBuildPhase;
			buildActionMask = 2147483647;
			files = (
				07A24D8029A5161900BE6C90 /* LaunchScreen.storyboard in Resources */,
				07A24D9A29A5250200BE6C90 /* Colors.xcassets in Resources */,
				07A24D7D29A5161800BE6C90 /* Assets.xcassets in Resources */,
				07A24D7B29A5161600BE6C90 /* Main.storyboard in Resources */,
			);
			runOnlyForDeploymentPostprocessing = 0;
		};
/* End PBXResourcesBuildPhase section */

/* Begin PBXShellScriptBuildPhase section */
		073EEC4129A5391F004185E5 /* Run SwiftLint */ = {
			isa = PBXShellScriptBuildPhase;
			buildActionMask = 8;
			files = (
			);
			inputFileListPaths = (
			);
			inputPaths = (
			);
			name = "Run SwiftLint";
			outputFileListPaths = (
			);
			outputPaths = (
			);
			runOnlyForDeploymentPostprocessing = 1;
			shellPath = /bin/sh;
			shellScript = "if which swiftlint >/dev/null; then\n  swiftlint\nelse\n  echo \"error: SwiftLint does not exist, download it from https://github.com/realm/SwiftLint\"\n  exit 1\nfi\n";
		};
		07A24D9529A523FC00BE6C90 /* ShellScript */ = {
			isa = PBXShellScriptBuildPhase;
			alwaysOutOfDate = 1;
			buildActionMask = 2147483647;
			files = (
			);
			inputFileListPaths = (
			);
			inputPaths = (
			);
			outputFileListPaths = (
			);
			outputPaths = (
				" $SRCROOT/Coinfo_iOS/Core/Resources/Generated/R.generated.swift",
			);
			runOnlyForDeploymentPostprocessing = 0;
			shellPath = /bin/sh;
			shellScript = "\"$PODS_ROOT/R.swift/rswift\" generate \"$SRCROOT/Coinfo_iOS/Core/Resources/Generated/R.generated.swift\"\n";
		};
		73A16743025239F2DBAE9BD5 /* [CP] Embed Pods Frameworks */ = {
			isa = PBXShellScriptBuildPhase;
			buildActionMask = 2147483647;
			files = (
			);
			inputFileListPaths = (
				"${PODS_ROOT}/Target Support Files/Pods-Coinfo_iOS/Pods-Coinfo_iOS-frameworks-${CONFIGURATION}-input-files.xcfilelist",
			);
			name = "[CP] Embed Pods Frameworks";
			outputFileListPaths = (
				"${PODS_ROOT}/Target Support Files/Pods-Coinfo_iOS/Pods-Coinfo_iOS-frameworks-${CONFIGURATION}-output-files.xcfilelist",
			);
			runOnlyForDeploymentPostprocessing = 0;
			shellPath = /bin/sh;
			shellScript = "\"${PODS_ROOT}/Target Support Files/Pods-Coinfo_iOS/Pods-Coinfo_iOS-frameworks.sh\"\n";
			showEnvVarsInLog = 0;
		};
		9B7BE765FE999600490BAD14 /* [CP] Check Pods Manifest.lock */ = {
			isa = PBXShellScriptBuildPhase;
			buildActionMask = 2147483647;
			files = (
			);
			inputFileListPaths = (
			);
			inputPaths = (
				"${PODS_PODFILE_DIR_PATH}/Podfile.lock",
				"${PODS_ROOT}/Manifest.lock",
			);
			name = "[CP] Check Pods Manifest.lock";
			outputFileListPaths = (
			);
			outputPaths = (
				"$(DERIVED_FILE_DIR)/Pods-Coinfo_iOS-checkManifestLockResult.txt",
			);
			runOnlyForDeploymentPostprocessing = 0;
			shellPath = /bin/sh;
			shellScript = "diff \"${PODS_PODFILE_DIR_PATH}/Podfile.lock\" \"${PODS_ROOT}/Manifest.lock\" > /dev/null\nif [ $? != 0 ] ; then\n    # print error to STDERR\n    echo \"error: The sandbox is not in sync with the Podfile.lock. Run 'pod install' or update your CocoaPods installation.\" >&2\n    exit 1\nfi\n# This output is used by Xcode 'outputs' to avoid re-running this script phase.\necho \"SUCCESS\" > \"${SCRIPT_OUTPUT_FILE_0}\"\n";
			showEnvVarsInLog = 0;
		};
/* End PBXShellScriptBuildPhase section */

/* Begin PBXSourcesBuildPhase section */
		07A24D6C29A5161600BE6C90 /* Sources */ = {
			isa = PBXSourcesBuildPhase;
			buildActionMask = 2147483647;
			files = (
				07A24D7829A5161600BE6C90 /* ViewController.swift in Sources */,
				07A24D7429A5161600BE6C90 /* AppDelegate.swift in Sources */,
				07A24D7629A5161600BE6C90 /* SceneDelegate.swift in Sources */,
				07A24D9C29A5289A00BE6C90 /* R.generated.swift in Sources */,
			);
			runOnlyForDeploymentPostprocessing = 0;
		};
/* End PBXSourcesBuildPhase section */

/* Begin PBXVariantGroup section */
		07A24D7929A5161600BE6C90 /* Main.storyboard */ = {
			isa = PBXVariantGroup;
			children = (
				07A24D7A29A5161600BE6C90 /* Base */,
			);
			name = Main.storyboard;
			sourceTree = "<group>";
		};
		07A24D7E29A5161900BE6C90 /* LaunchScreen.storyboard */ = {
			isa = PBXVariantGroup;
			children = (
				07A24D7F29A5161900BE6C90 /* Base */,
			);
			name = LaunchScreen.storyboard;
			sourceTree = "<group>";
		};
/* End PBXVariantGroup section */

/* Begin XCBuildConfiguration section */
		07A24D8229A5161900BE6C90 /* Debug */ = {
			isa = XCBuildConfiguration;
			buildSettings = {
				ALWAYS_SEARCH_USER_PATHS = NO;
				CLANG_ANALYZER_NONNULL = YES;
				CLANG_ANALYZER_NUMBER_OBJECT_CONVERSION = YES_AGGRESSIVE;
				CLANG_CXX_LANGUAGE_STANDARD = "gnu++20";
				CLANG_ENABLE_MODULES = YES;
				CLANG_ENABLE_OBJC_ARC = YES;
				CLANG_ENABLE_OBJC_WEAK = YES;
				CLANG_WARN_BLOCK_CAPTURE_AUTORELEASING = YES;
				CLANG_WARN_BOOL_CONVERSION = YES;
				CLANG_WARN_COMMA = YES;
				CLANG_WARN_CONSTANT_CONVERSION = YES;
				CLANG_WARN_DEPRECATED_OBJC_IMPLEMENTATIONS = YES;
				CLANG_WARN_DIRECT_OBJC_ISA_USAGE = YES_ERROR;
				CLANG_WARN_DOCUMENTATION_COMMENTS = YES;
				CLANG_WARN_EMPTY_BODY = YES;
				CLANG_WARN_ENUM_CONVERSION = YES;
				CLANG_WARN_INFINITE_RECURSION = YES;
				CLANG_WARN_INT_CONVERSION = YES;
				CLANG_WARN_NON_LITERAL_NULL_CONVERSION = YES;
				CLANG_WARN_OBJC_IMPLICIT_RETAIN_SELF = YES;
				CLANG_WARN_OBJC_LITERAL_CONVERSION = YES;
				CLANG_WARN_OBJC_ROOT_CLASS = YES_ERROR;
				CLANG_WARN_QUOTED_INCLUDE_IN_FRAMEWORK_HEADER = YES;
				CLANG_WARN_RANGE_LOOP_ANALYSIS = YES;
				CLANG_WARN_STRICT_PROTOTYPES = YES;
				CLANG_WARN_SUSPICIOUS_MOVE = YES;
				CLANG_WARN_UNGUARDED_AVAILABILITY = YES_AGGRESSIVE;
				CLANG_WARN_UNREACHABLE_CODE = YES;
				CLANG_WARN__DUPLICATE_METHOD_MATCH = YES;
				COPY_PHASE_STRIP = NO;
				DEBUG_INFORMATION_FORMAT = dwarf;
				ENABLE_STRICT_OBJC_MSGSEND = YES;
				ENABLE_TESTABILITY = YES;
				GCC_C_LANGUAGE_STANDARD = gnu11;
				GCC_DYNAMIC_NO_PIC = NO;
				GCC_NO_COMMON_BLOCKS = YES;
				GCC_OPTIMIZATION_LEVEL = 0;
				GCC_PREPROCESSOR_DEFINITIONS = (
					"DEBUG=1",
					"$(inherited)",
				);
				GCC_WARN_64_TO_32_BIT_CONVERSION = YES;
				GCC_WARN_ABOUT_RETURN_TYPE = YES_ERROR;
				GCC_WARN_UNDECLARED_SELECTOR = YES;
				GCC_WARN_UNINITIALIZED_AUTOS = YES_AGGRESSIVE;
				GCC_WARN_UNUSED_FUNCTION = YES;
				GCC_WARN_UNUSED_VARIABLE = YES;
				IPHONEOS_DEPLOYMENT_TARGET = 16.2;
				MTL_ENABLE_DEBUG_INFO = INCLUDE_SOURCE;
				MTL_FAST_MATH = YES;
				ONLY_ACTIVE_ARCH = YES;
				SDKROOT = iphoneos;
				SWIFT_ACTIVE_COMPILATION_CONDITIONS = DEBUG;
				SWIFT_OPTIMIZATION_LEVEL = "-Onone";
			};
			name = Debug;
		};
		07A24D8329A5161900BE6C90 /* Release */ = {
			isa = XCBuildConfiguration;
			buildSettings = {
				ALWAYS_SEARCH_USER_PATHS = NO;
				CLANG_ANALYZER_NONNULL = YES;
				CLANG_ANALYZER_NUMBER_OBJECT_CONVERSION = YES_AGGRESSIVE;
				CLANG_CXX_LANGUAGE_STANDARD = "gnu++20";
				CLANG_ENABLE_MODULES = YES;
				CLANG_ENABLE_OBJC_ARC = YES;
				CLANG_ENABLE_OBJC_WEAK = YES;
				CLANG_WARN_BLOCK_CAPTURE_AUTORELEASING = YES;
				CLANG_WARN_BOOL_CONVERSION = YES;
				CLANG_WARN_COMMA = YES;
				CLANG_WARN_CONSTANT_CONVERSION = YES;
				CLANG_WARN_DEPRECATED_OBJC_IMPLEMENTATIONS = YES;
				CLANG_WARN_DIRECT_OBJC_ISA_USAGE = YES_ERROR;
				CLANG_WARN_DOCUMENTATION_COMMENTS = YES;
				CLANG_WARN_EMPTY_BODY = YES;
				CLANG_WARN_ENUM_CONVERSION = YES;
				CLANG_WARN_INFINITE_RECURSION = YES;
				CLANG_WARN_INT_CONVERSION = YES;
				CLANG_WARN_NON_LITERAL_NULL_CONVERSION = YES;
				CLANG_WARN_OBJC_IMPLICIT_RETAIN_SELF = YES;
				CLANG_WARN_OBJC_LITERAL_CONVERSION = YES;
				CLANG_WARN_OBJC_ROOT_CLASS = YES_ERROR;
				CLANG_WARN_QUOTED_INCLUDE_IN_FRAMEWORK_HEADER = YES;
				CLANG_WARN_RANGE_LOOP_ANALYSIS = YES;
				CLANG_WARN_STRICT_PROTOTYPES = YES;
				CLANG_WARN_SUSPICIOUS_MOVE = YES;
				CLANG_WARN_UNGUARDED_AVAILABILITY = YES_AGGRESSIVE;
				CLANG_WARN_UNREACHABLE_CODE = YES;
				CLANG_WARN__DUPLICATE_METHOD_MATCH = YES;
				COPY_PHASE_STRIP = NO;
				DEBUG_INFORMATION_FORMAT = "dwarf-with-dsym";
				ENABLE_NS_ASSERTIONS = NO;
				ENABLE_STRICT_OBJC_MSGSEND = YES;
				GCC_C_LANGUAGE_STANDARD = gnu11;
				GCC_NO_COMMON_BLOCKS = YES;
				GCC_WARN_64_TO_32_BIT_CONVERSION = YES;
				GCC_WARN_ABOUT_RETURN_TYPE = YES_ERROR;
				GCC_WARN_UNDECLARED_SELECTOR = YES;
				GCC_WARN_UNINITIALIZED_AUTOS = YES_AGGRESSIVE;
				GCC_WARN_UNUSED_FUNCTION = YES;
				GCC_WARN_UNUSED_VARIABLE = YES;
				IPHONEOS_DEPLOYMENT_TARGET = 16.2;
				MTL_ENABLE_DEBUG_INFO = NO;
				MTL_FAST_MATH = YES;
				SDKROOT = iphoneos;
				SWIFT_COMPILATION_MODE = wholemodule;
				SWIFT_OPTIMIZATION_LEVEL = "-O";
				VALIDATE_PRODUCT = YES;
			};
			name = Release;
		};
		07A24D8529A5161900BE6C90 /* Debug */ = {
			isa = XCBuildConfiguration;
			baseConfigurationReference = 219DBE880BCB2DA95BF9CAD7 /* Pods-Coinfo_iOS.debug.xcconfig */;
			buildSettings = {
				ASSETCATALOG_COMPILER_APPICON_NAME = AppIcon;
				ASSETCATALOG_COMPILER_GLOBAL_ACCENT_COLOR_NAME = AccentColor;
				CODE_SIGN_STYLE = Automatic;
				CURRENT_PROJECT_VERSION = 1;
				DEVELOPMENT_TEAM = CUKM5THKL8;
				GENERATE_INFOPLIST_FILE = YES;
				INFOPLIST_FILE = Coinfo_iOS/Info.plist;
				INFOPLIST_KEY_UIApplicationSupportsIndirectInputEvents = YES;
				INFOPLIST_KEY_UILaunchStoryboardName = LaunchScreen;
				INFOPLIST_KEY_UIMainStoryboardFile = Main;
				INFOPLIST_KEY_UISupportedInterfaceOrientations_iPad = "UIInterfaceOrientationPortrait UIInterfaceOrientationPortraitUpsideDown UIInterfaceOrientationLandscapeLeft UIInterfaceOrientationLandscapeRight";
				INFOPLIST_KEY_UISupportedInterfaceOrientations_iPhone = "UIInterfaceOrientationPortrait UIInterfaceOrientationLandscapeLeft UIInterfaceOrientationLandscapeRight";
				LD_RUNPATH_SEARCH_PATHS = (
					"$(inherited)",
					"@executable_path/Frameworks",
				);
				MARKETING_VERSION = 1.0;
				PRODUCT_BUNDLE_IDENTIFIER = "com.mikitaarshinov.Coinfo-iOS";
				PRODUCT_NAME = "$(TARGET_NAME)";
				SWIFT_EMIT_LOC_STRINGS = YES;
				SWIFT_VERSION = 5.0;
				TARGETED_DEVICE_FAMILY = "1,2";
			};
			name = Debug;
		};
		07A24D8629A5161900BE6C90 /* Release */ = {
			isa = XCBuildConfiguration;
			baseConfigurationReference = 4E34C4B17531F46710AE9D7D /* Pods-Coinfo_iOS.release.xcconfig */;
			buildSettings = {
				ASSETCATALOG_COMPILER_APPICON_NAME = AppIcon;
				ASSETCATALOG_COMPILER_GLOBAL_ACCENT_COLOR_NAME = AccentColor;
				CODE_SIGN_STYLE = Automatic;
				CURRENT_PROJECT_VERSION = 1;
				DEVELOPMENT_TEAM = CUKM5THKL8;
				GENERATE_INFOPLIST_FILE = YES;
				INFOPLIST_FILE = Coinfo_iOS/Info.plist;
				INFOPLIST_KEY_UIApplicationSupportsIndirectInputEvents = YES;
				INFOPLIST_KEY_UILaunchStoryboardName = LaunchScreen;
				INFOPLIST_KEY_UIMainStoryboardFile = Main;
				INFOPLIST_KEY_UISupportedInterfaceOrientations_iPad = "UIInterfaceOrientationPortrait UIInterfaceOrientationPortraitUpsideDown UIInterfaceOrientationLandscapeLeft UIInterfaceOrientationLandscapeRight";
				INFOPLIST_KEY_UISupportedInterfaceOrientations_iPhone = "UIInterfaceOrientationPortrait UIInterfaceOrientationLandscapeLeft UIInterfaceOrientationLandscapeRight";
				LD_RUNPATH_SEARCH_PATHS = (
					"$(inherited)",
					"@executable_path/Frameworks",
				);
				MARKETING_VERSION = 1.0;
				PRODUCT_BUNDLE_IDENTIFIER = "com.mikitaarshinov.Coinfo-iOS";
				PRODUCT_NAME = "$(TARGET_NAME)";
				SWIFT_EMIT_LOC_STRINGS = YES;
				SWIFT_VERSION = 5.0;
				TARGETED_DEVICE_FAMILY = "1,2";
			};
			name = Release;
		};
/* End XCBuildConfiguration section */

/* Begin XCConfigurationList section */
		07A24D6B29A5161600BE6C90 /* Build configuration list for PBXProject "Coinfo_iOS" */ = {
			isa = XCConfigurationList;
			buildConfigurations = (
				07A24D8229A5161900BE6C90 /* Debug */,
				07A24D8329A5161900BE6C90 /* Release */,
			);
			defaultConfigurationIsVisible = 0;
			defaultConfigurationName = Release;
		};
		07A24D8429A5161900BE6C90 /* Build configuration list for PBXNativeTarget "Coinfo_iOS" */ = {
			isa = XCConfigurationList;
			buildConfigurations = (
				07A24D8529A5161900BE6C90 /* Debug */,
				07A24D8629A5161900BE6C90 /* Release */,
			);
			defaultConfigurationIsVisible = 0;
			defaultConfigurationName = Release;
		};
/* End XCConfigurationList section */
	};
	rootObject = 07A24D6829A5161600BE6C90 /* Project object */;
}
